// !$*UTF8*$!
{
	archiveVersion = 1;
	classes = {
	};
	objectVersion = 77;
	objects = {

/* Begin PBXContainerItemProxy section */
		992BDAE92D9E27C500AE02B7 /* PBXContainerItemProxy */ = {
			isa = PBXContainerItemProxy;
			containerPortal = 992BDAD02D9E27BF00AE02B7 /* Project object */;
			proxyType = 1;
			remoteGlobalIDString = 992BDAD72D9E27BF00AE02B7;
			remoteInfo = Fiji_Airways_Flashcards;
		};
		992BDAF32D9E27C500AE02B7 /* PBXContainerItemProxy */ = {
			isa = PBXContainerItemProxy;
			containerPortal = 992BDAD02D9E27BF00AE02B7 /* Project object */;
			proxyType = 1;
			remoteGlobalIDString = 992BDAD72D9E27BF00AE02B7;
			remoteInfo = Fiji_Airways_Flashcards;
		};
/* End PBXContainerItemProxy section */

/* Begin PBXFileReference section */
		992BDAD82D9E27BF00AE02B7 /* Fiji_Airways_Flashcards.app */ = {isa = PBXFileReference; explicitFileType = wrapper.application; includeInIndex = 0; path = Fiji_Airways_Flashcards.app; sourceTree = BUILT_PRODUCTS_DIR; };
		992BDAE82D9E27C500AE02B7 /* Fiji_Airways_FlashcardsTests.xctest */ = {isa = PBXFileReference; explicitFileType = wrapper.cfbundle; includeInIndex = 0; path = Fiji_Airways_FlashcardsTests.xctest; sourceTree = BUILT_PRODUCTS_DIR; };
		992BDAF22D9E27C500AE02B7 /* Fiji_Airways_FlashcardsUITests.xctest */ = {isa = PBXFileReference; explicitFileType = wrapper.cfbundle; includeInIndex = 0; path = Fiji_Airways_FlashcardsUITests.xctest; sourceTree = BUILT_PRODUCTS_DIR; };
/* End PBXFileReference section */

/* Begin PBXFileSystemSynchronizedRootGroup section */
		992BDADA2D9E27C000AE02B7 /* Fiji_Airways_Flashcards */ = {
			isa = PBXFileSystemSynchronizedRootGroup;
			path = Fiji_Airways_Flashcards;
			sourceTree = "<group>";
		};
		992BDAEB2D9E27C500AE02B7 /* Fiji_Airways_FlashcardsTests */ = {
			isa = PBXFileSystemSynchronizedRootGroup;
			path = Fiji_Airways_FlashcardsTests;
			sourceTree = "<group>";
		};
		992BDAF52D9E27C500AE02B7 /* Fiji_Airways_FlashcardsUITests */ = {
			isa = PBXFileSystemSynchronizedRootGroup;
			path = Fiji_Airways_FlashcardsUITests;
			sourceTree = "<group>";
		};
/* End PBXFileSystemSynchronizedRootGroup section */

/* Begin PBXFrameworksBuildPhase section */
		992BDAD52D9E27BF00AE02B7 /* Frameworks */ = {
			isa = PBXFrameworksBuildPhase;
			buildActionMask = 2147483647;
			files = (
			);
			runOnlyForDeploymentPostprocessing = 0;
		};
		992BDAE52D9E27C500AE02B7 /* Frameworks */ = {
			isa = PBXFrameworksBuildPhase;
			buildActionMask = 2147483647;
			files = (
			);
			runOnlyForDeploymentPostprocessing = 0;
		};
		992BDAEF2D9E27C500AE02B7 /* Frameworks */ = {
			isa = PBXFrameworksBuildPhase;
			buildActionMask = 2147483647;
			files = (
			);
			runOnlyForDeploymentPostprocessing = 0;
		};
/* End PBXFrameworksBuildPhase section */

/* Begin PBXGroup section */
		992BDACF2D9E27BF00AE02B7 = {
			isa = PBXGroup;
			children = (
				992BDADA2D9E27C000AE02B7 /* Fiji_Airways_Flashcards */,
				992BDAEB2D9E27C500AE02B7 /* Fiji_Airways_FlashcardsTests */,
				992BDAF52D9E27C500AE02B7 /* Fiji_Airways_FlashcardsUITests */,
				992BDAD92D9E27BF00AE02B7 /* Products */,
			);
			sourceTree = "<group>";
		};
		992BDAD92D9E27BF00AE02B7 /* Products */ = {
			isa = PBXGroup;
			children = (
				992BDAD82D9E27BF00AE02B7 /* Fiji_Airways_Flashcards.app */,
				992BDAE82D9E27C500AE02B7 /* Fiji_Airways_FlashcardsTests.xctest */,
				992BDAF22D9E27C500AE02B7 /* Fiji_Airways_FlashcardsUITests.xctest */,
			);
			name = Products;
			sourceTree = "<group>";
		};
/* End PBXGroup section */

/* Begin PBXNativeTarget section */
		992BDAD72D9E27BF00AE02B7 /* Fiji_Airways_Flashcards */ = {
			isa = PBXNativeTarget;
			buildConfigurationList = 992BDAFC2D9E27C500AE02B7 /* Build configuration list for PBXNativeTarget "Fiji_Airways_Flashcards" */;
			buildPhases = (
				992BDAD42D9E27BF00AE02B7 /* Sources */,
				992BDAD52D9E27BF00AE02B7 /* Frameworks */,
				992BDAD62D9E27BF00AE02B7 /* Resources */,
			);
			buildRules = (
			);
			dependencies = (
			);
			fileSystemSynchronizedGroups = (
				992BDADA2D9E27C000AE02B7 /* Fiji_Airways_Flashcards */,
			);
			name = Fiji_Airways_Flashcards;
			packageProductDependencies = (
			);
			productName = Fiji_Airways_Flashcards;
			productReference = 992BDAD82D9E27BF00AE02B7 /* Fiji_Airways_Flashcards.app */;
			productType = "com.apple.product-type.application";
		};
		992BDAE72D9E27C500AE02B7 /* Fiji_Airways_FlashcardsTests */ = {
			isa = PBXNativeTarget;
			buildConfigurationList = 992BDAFF2D9E27C500AE02B7 /* Build configuration list for PBXNativeTarget "Fiji_Airways_FlashcardsTests" */;
			buildPhases = (
				992BDAE42D9E27C500AE02B7 /* Sources */,
				992BDAE52D9E27C500AE02B7 /* Frameworks */,
				992BDAE62D9E27C500AE02B7 /* Resources */,
			);
			buildRules = (
			);
			dependencies = (
				992BDAEA2D9E27C500AE02B7 /* PBXTargetDependency */,
			);
			fileSystemSynchronizedGroups = (
				992BDAEB2D9E27C500AE02B7 /* Fiji_Airways_FlashcardsTests */,
			);
			name = Fiji_Airways_FlashcardsTests;
			packageProductDependencies = (
			);
			productName = Fiji_Airways_FlashcardsTests;
			productReference = 992BDAE82D9E27C500AE02B7 /* Fiji_Airways_FlashcardsTests.xctest */;
			productType = "com.apple.product-type.bundle.unit-test";
		};
		992BDAF12D9E27C500AE02B7 /* Fiji_Airways_FlashcardsUITests */ = {
			isa = PBXNativeTarget;
			buildConfigurationList = 992BDB022D9E27C500AE02B7 /* Build configuration list for PBXNativeTarget "Fiji_Airways_FlashcardsUITests" */;
			buildPhases = (
				992BDAEE2D9E27C500AE02B7 /* Sources */,
				992BDAEF2D9E27C500AE02B7 /* Frameworks */,
				992BDAF02D9E27C500AE02B7 /* Resources */,
			);
			buildRules = (
			);
			dependencies = (
				992BDAF42D9E27C500AE02B7 /* PBXTargetDependency */,
			);
			fileSystemSynchronizedGroups = (
				992BDAF52D9E27C500AE02B7 /* Fiji_Airways_FlashcardsUITests */,
			);
			name = Fiji_Airways_FlashcardsUITests;
			packageProductDependencies = (
			);
			productName = Fiji_Airways_FlashcardsUITests;
			productReference = 992BDAF22D9E27C500AE02B7 /* Fiji_Airways_FlashcardsUITests.xctest */;
			productType = "com.apple.product-type.bundle.ui-testing";
		};
/* End PBXNativeTarget section */

/* Begin PBXProject section */
		992BDAD02D9E27BF00AE02B7 /* Project object */ = {
			isa = PBXProject;
			attributes = {
				BuildIndependentTargetsInParallel = 1;
				LastSwiftUpdateCheck = 1620;
				LastUpgradeCheck = 1620;
				TargetAttributes = {
					992BDAD72D9E27BF00AE02B7 = {
						CreatedOnToolsVersion = 16.2;
					};
					992BDAE72D9E27C500AE02B7 = {
						CreatedOnToolsVersion = 16.2;
						TestTargetID = 992BDAD72D9E27BF00AE02B7;
					};
					992BDAF12D9E27C500AE02B7 = {
						CreatedOnToolsVersion = 16.2;
						TestTargetID = 992BDAD72D9E27BF00AE02B7;
					};
				};
			};
			buildConfigurationList = 992BDAD32D9E27BF00AE02B7 /* Build configuration list for PBXProject "Fiji_Airways_Flashcards" */;
			developmentRegion = en;
			hasScannedForEncodings = 0;
			knownRegions = (
				en,
				Base,
			);
			mainGroup = 992BDACF2D9E27BF00AE02B7;
			minimizedProjectReferenceProxies = 1;
			preferredProjectObjectVersion = 77;
			productRefGroup = 992BDAD92D9E27BF00AE02B7 /* Products */;
			projectDirPath = "";
			projectRoot = "";
			targets = (
				992BDAD72D9E27BF00AE02B7 /* Fiji_Airways_Flashcards */,
				992BDAE72D9E27C500AE02B7 /* Fiji_Airways_FlashcardsTests */,
				992BDAF12D9E27C500AE02B7 /* Fiji_Airways_FlashcardsUITests */,
			);
		};
/* End PBXProject section */

/* Begin PBXResourcesBuildPhase section */
		992BDAD62D9E27BF00AE02B7 /* Resources */ = {
			isa = PBXResourcesBuildPhase;
			buildActionMask = 2147483647;
			files = (
			);
			runOnlyForDeploymentPostprocessing = 0;
		};
		992BDAE62D9E27C500AE02B7 /* Resources */ = {
			isa = PBXResourcesBuildPhase;
			buildActionMask = 2147483647;
			files = (
			);
			runOnlyForDeploymentPostprocessing = 0;
		};
		992BDAF02D9E27C500AE02B7 /* Resources */ = {
			isa = PBXResourcesBuildPhase;
			buildActionMask = 2147483647;
			files = (
			);
			runOnlyForDeploymentPostprocessing = 0;
		};
/* End PBXResourcesBuildPhase section */

/* Begin PBXSourcesBuildPhase section */
		992BDAD42D9E27BF00AE02B7 /* Sources */ = {
			isa = PBXSourcesBuildPhase;
			buildActionMask = 2147483647;
			files = (
			);
			runOnlyForDeploymentPostprocessing = 0;
		};
		992BDAE42D9E27C500AE02B7 /* Sources */ = {
			isa = PBXSourcesBuildPhase;
			buildActionMask = 2147483647;
			files = (
			);
			runOnlyForDeploymentPostprocessing = 0;
		};
		992BDAEE2D9E27C500AE02B7 /* Sources */ = {
			isa = PBXSourcesBuildPhase;
			buildActionMask = 2147483647;
			files = (
			);
			runOnlyForDeploymentPostprocessing = 0;
		};
/* End PBXSourcesBuildPhase section */

/* Begin PBXTargetDependency section */
		992BDAEA2D9E27C500AE02B7 /* PBXTargetDependency */ = {
			isa = PBXTargetDependency;
			target = 992BDAD72D9E27BF00AE02B7 /* Fiji_Airways_Flashcards */;
			targetProxy = 992BDAE92D9E27C500AE02B7 /* PBXContainerItemProxy */;
		};
		992BDAF42D9E27C500AE02B7 /* PBXTargetDependency */ = {
			isa = PBXTargetDependency;
			target = 992BDAD72D9E27BF00AE02B7 /* Fiji_Airways_Flashcards */;
			targetProxy = 992BDAF32D9E27C500AE02B7 /* PBXContainerItemProxy */;
		};
/* End PBXTargetDependency section */

/* Begin XCBuildConfiguration section */
		992BDAFA2D9E27C500AE02B7 /* Debug */ = {
			isa = XCBuildConfiguration;
			buildSettings = {
				ALWAYS_SEARCH_USER_PATHS = NO;
				ASSETCATALOG_COMPILER_GENERATE_SWIFT_ASSET_SYMBOL_EXTENSIONS = YES;
				CLANG_ANALYZER_NONNULL = YES;
				CLANG_ANALYZER_NUMBER_OBJECT_CONVERSION = YES_AGGRESSIVE;
				CLANG_CXX_LANGUAGE_STANDARD = "gnu++20";
				CLANG_ENABLE_MODULES = YES;
				CLANG_ENABLE_OBJC_ARC = YES;
				CLANG_ENABLE_OBJC_WEAK = YES;
				CLANG_WARN_BLOCK_CAPTURE_AUTORELEASING = YES;
				CLANG_WARN_BOOL_CONVERSION = YES;
				CLANG_WARN_COMMA = YES;
				CLANG_WARN_CONSTANT_CONVERSION = YES;
				CLANG_WARN_DEPRECATED_OBJC_IMPLEMENTATIONS = YES;
				CLANG_WARN_DIRECT_OBJC_ISA_USAGE = YES_ERROR;
				CLANG_WARN_DOCUMENTATION_COMMENTS = YES;
				CLANG_WARN_EMPTY_BODY = YES;
				CLANG_WARN_ENUM_CONVERSION = YES;
				CLANG_WARN_INFINITE_RECURSION = YES;
				CLANG_WARN_INT_CONVERSION = YES;
				CLANG_WARN_NON_LITERAL_NULL_CONVERSION = YES;
				CLANG_WARN_OBJC_IMPLICIT_RETAIN_SELF = YES;
				CLANG_WARN_OBJC_LITERAL_CONVERSION = YES;
				CLANG_WARN_OBJC_ROOT_CLASS = YES_ERROR;
				CLANG_WARN_QUOTED_INCLUDE_IN_FRAMEWORK_HEADER = YES;
				CLANG_WARN_RANGE_LOOP_ANALYSIS = YES;
				CLANG_WARN_STRICT_PROTOTYPES = YES;
				CLANG_WARN_SUSPICIOUS_MOVE = YES;
				CLANG_WARN_UNGUARDED_AVAILABILITY = YES_AGGRESSIVE;
				CLANG_WARN_UNREACHABLE_CODE = YES;
				CLANG_WARN__DUPLICATE_METHOD_MATCH = YES;
				COPY_PHASE_STRIP = NO;
				DEBUG_INFORMATION_FORMAT = dwarf;
				ENABLE_STRICT_OBJC_MSGSEND = YES;
				ENABLE_TESTABILITY = YES;
				ENABLE_USER_SCRIPT_SANDBOXING = YES;
				GCC_C_LANGUAGE_STANDARD = gnu17;
				GCC_DYNAMIC_NO_PIC = NO;
				GCC_NO_COMMON_BLOCKS = YES;
				GCC_OPTIMIZATION_LEVEL = 0;
				GCC_PREPROCESSOR_DEFINITIONS = (
					"DEBUG=1",
					"$(inherited)",
				);
				GCC_WARN_64_TO_32_BIT_CONVERSION = YES;
				GCC_WARN_ABOUT_RETURN_TYPE = YES_ERROR;
				GCC_WARN_UNDECLARED_SELECTOR = YES;
				GCC_WARN_UNINITIALIZED_AUTOS = YES_AGGRESSIVE;
				GCC_WARN_UNUSED_FUNCTION = YES;
				GCC_WARN_UNUSED_VARIABLE = YES;
				IPHONEOS_DEPLOYMENT_TARGET = 18.2;
				LOCALIZATION_PREFERS_STRING_CATALOGS = YES;
				MTL_ENABLE_DEBUG_INFO = INCLUDE_SOURCE;
				MTL_FAST_MATH = YES;
				ONLY_ACTIVE_ARCH = YES;
				SDKROOT = iphoneos;
				SWIFT_ACTIVE_COMPILATION_CONDITIONS = "DEBUG $(inherited)";
				SWIFT_OPTIMIZATION_LEVEL = "-Onone";
			};
			name = Debug;
		};
		992BDAFB2D9E27C500AE02B7 /* Release */ = {
			isa = XCBuildConfiguration;
			buildSettings = {
				ALWAYS_SEARCH_USER_PATHS = NO;
				ASSETCATALOG_COMPILER_GENERATE_SWIFT_ASSET_SYMBOL_EXTENSIONS = YES;
				CLANG_ANALYZER_NONNULL = YES;
				CLANG_ANALYZER_NUMBER_OBJECT_CONVERSION = YES_AGGRESSIVE;
				CLANG_CXX_LANGUAGE_STANDARD = "gnu++20";
				CLANG_ENABLE_MODULES = YES;
				CLANG_ENABLE_OBJC_ARC = YES;
				CLANG_ENABLE_OBJC_WEAK = YES;
				CLANG_WARN_BLOCK_CAPTURE_AUTORELEASING = YES;
				CLANG_WARN_BOOL_CONVERSION = YES;
				CLANG_WARN_COMMA = YES;
				CLANG_WARN_CONSTANT_CONVERSION = YES;
				CLANG_WARN_DEPRECATED_OBJC_IMPLEMENTATIONS = YES;
				CLANG_WARN_DIRECT_OBJC_ISA_USAGE = YES_ERROR;
				CLANG_WARN_DOCUMENTATION_COMMENTS = YES;
				CLANG_WARN_EMPTY_BODY = YES;
				CLANG_WARN_ENUM_CONVERSION = YES;
				CLANG_WARN_INFINITE_RECURSION = YES;
				CLANG_WARN_INT_CONVERSION = YES;
				CLANG_WARN_NON_LITERAL_NULL_CONVERSION = YES;
				CLANG_WARN_OBJC_IMPLICIT_RETAIN_SELF = YES;
				CLANG_WARN_OBJC_LITERAL_CONVERSION = YES;
				CLANG_WARN_OBJC_ROOT_CLASS = YES_ERROR;
				CLANG_WARN_QUOTED_INCLUDE_IN_FRAMEWORK_HEADER = YES;
				CLANG_WARN_RANGE_LOOP_ANALYSIS = YES;
				CLANG_WARN_STRICT_PROTOTYPES = YES;
				CLANG_WARN_SUSPICIOUS_MOVE = YES;
				CLANG_WARN_UNGUARDED_AVAILABILITY = YES_AGGRESSIVE;
				CLANG_WARN_UNREACHABLE_CODE = YES;
				CLANG_WARN__DUPLICATE_METHOD_MATCH = YES;
				COPY_PHASE_STRIP = NO;
				DEBUG_INFORMATION_FORMAT = "dwarf-with-dsym";
				ENABLE_NS_ASSERTIONS = NO;
				ENABLE_STRICT_OBJC_MSGSEND = YES;
				ENABLE_USER_SCRIPT_SANDBOXING = YES;
				GCC_C_LANGUAGE_STANDARD = gnu17;
				GCC_NO_COMMON_BLOCKS = YES;
				GCC_WARN_64_TO_32_BIT_CONVERSION = YES;
				GCC_WARN_ABOUT_RETURN_TYPE = YES_ERROR;
				GCC_WARN_UNDECLARED_SELECTOR = YES;
				GCC_WARN_UNINITIALIZED_AUTOS = YES_AGGRESSIVE;
				GCC_WARN_UNUSED_FUNCTION = YES;
				GCC_WARN_UNUSED_VARIABLE = YES;
				IPHONEOS_DEPLOYMENT_TARGET = 18.2;
				LOCALIZATION_PREFERS_STRING_CATALOGS = YES;
				MTL_ENABLE_DEBUG_INFO = NO;
				MTL_FAST_MATH = YES;
				SDKROOT = iphoneos;
				SWIFT_COMPILATION_MODE = wholemodule;
				VALIDATE_PRODUCT = YES;
			};
			name = Release;
		};
		992BDAFD2D9E27C500AE02B7 /* Debug */ = {
			isa = XCBuildConfiguration;
			buildSettings = {
				ASSETCATALOG_COMPILER_APPICON_NAME = AppIcon;
				ASSETCATALOG_COMPILER_GLOBAL_ACCENT_COLOR_NAME = AccentColor;
				CODE_SIGN_STYLE = Automatic;
				CURRENT_PROJECT_VERSION = 1;
				DEVELOPMENT_ASSET_PATHS = "\"Fiji_Airways_Flashcards/Preview Content\"";
				DEVELOPMENT_TEAM = 2NCN8V39N7;
				ENABLE_PREVIEWS = YES;
				GENERATE_INFOPLIST_FILE = YES;
				INFOPLIST_KEY_UIApplicationSceneManifest_Generation = YES;
				INFOPLIST_KEY_UIApplicationSupportsIndirectInputEvents = YES;
				INFOPLIST_KEY_UILaunchScreen_Generation = YES;
				INFOPLIST_KEY_UISupportedInterfaceOrientations_iPad = "UIInterfaceOrientationPortrait UIInterfaceOrientationPortraitUpsideDown UIInterfaceOrientationLandscapeLeft UIInterfaceOrientationLandscapeRight";
				INFOPLIST_KEY_UISupportedInterfaceOrientations_iPhone = "UIInterfaceOrientationPortrait UIInterfaceOrientationLandscapeLeft UIInterfaceOrientationLandscapeRight";
				LD_RUNPATH_SEARCH_PATHS = (
					"$(inherited)",
					"@executable_path/Frameworks",
				);
				MARKETING_VERSION = 1.0;
				PRODUCT_BUNDLE_IDENTIFIER = "com.niczwager.Fiji-Airways-Flashcards";
				PRODUCT_NAME = "$(TARGET_NAME)";
				SWIFT_EMIT_LOC_STRINGS = YES;
				SWIFT_VERSION = 5.0;
				TARGETED_DEVICE_FAMILY = "1,2";
			};
			name = Debug;
		};
		992BDAFE2D9E27C500AE02B7 /* Release */ = {
			isa = XCBuildConfiguration;
			buildSettings = {
				ASSETCATALOG_COMPILER_APPICON_NAME = AppIcon;
				ASSETCATALOG_COMPILER_GLOBAL_ACCENT_COLOR_NAME = AccentColor;
				CODE_SIGN_STYLE = Automatic;
				CURRENT_PROJECT_VERSION = 1;
				DEVELOPMENT_ASSET_PATHS = "\"Fiji_Airways_Flashcards/Preview Content\"";
				DEVELOPMENT_TEAM = 2NCN8V39N7;
				ENABLE_PREVIEWS = YES;
				GENERATE_INFOPLIST_FILE = YES;
				INFOPLIST_KEY_UIApplicationSceneManifest_Generation = YES;
				INFOPLIST_KEY_UIApplicationSupportsIndirectInputEvents = YES;
				INFOPLIST_KEY_UILaunchScreen_Generation = YES;
				INFOPLIST_KEY_UISupportedInterfaceOrientations_iPad = "UIInterfaceOrientationPortrait UIInterfaceOrientationPortraitUpsideDown UIInterfaceOrientationLandscapeLeft UIInterfaceOrientationLandscapeRight";
				INFOPLIST_KEY_UISupportedInterfaceOrientations_iPhone = "UIInterfaceOrientationPortrait UIInterfaceOrientationLandscapeLeft UIInterfaceOrientationLandscapeRight";
				LD_RUNPATH_SEARCH_PATHS = (
					"$(inherited)",
					"@executable_path/Frameworks",
				);
				MARKETING_VERSION = 1.0;
				PRODUCT_BUNDLE_IDENTIFIER = "com.niczwager.Fiji-Airways-Flashcards";
				PRODUCT_NAME = "$(TARGET_NAME)";
				SWIFT_EMIT_LOC_STRINGS = YES;
				SWIFT_VERSION = 5.0;
				TARGETED_DEVICE_FAMILY = "1,2";
			};
			name = Release;
		};
		992BDB002D9E27C500AE02B7 /* Debug */ = {
			isa = XCBuildConfiguration;
			buildSettings = {
				BUNDLE_LOADER = "$(TEST_HOST)";
				CODE_SIGN_STYLE = Automatic;
				CURRENT_PROJECT_VERSION = 1;
				DEVELOPMENT_TEAM = 2NCN8V39N7;
				GENERATE_INFOPLIST_FILE = YES;
				IPHONEOS_DEPLOYMENT_TARGET = 18.2;
				MARKETING_VERSION = 1.0;
				PRODUCT_BUNDLE_IDENTIFIER = "com.niczwager.Fiji-Airways-FlashcardsTests";
				PRODUCT_NAME = "$(TARGET_NAME)";
				SWIFT_EMIT_LOC_STRINGS = NO;
				SWIFT_VERSION = 5.0;
				TARGETED_DEVICE_FAMILY = "1,2";
				TEST_HOST = "$(BUILT_PRODUCTS_DIR)/Fiji_Airways_Flashcards.app/$(BUNDLE_EXECUTABLE_FOLDER_PATH)/Fiji_Airways_Flashcards";
			};
			name = Debug;
		};
		992BDB012D9E27C500AE02B7 /* Release */ = {
			isa = XCBuildConfiguration;
			buildSettings = {
				BUNDLE_LOADER = "$(TEST_HOST)";
				CODE_SIGN_STYLE = Automatic;
				CURRENT_PROJECT_VERSION = 1;
				DEVELOPMENT_TEAM = 2NCN8V39N7;
				GENERATE_INFOPLIST_FILE = YES;
				IPHONEOS_DEPLOYMENT_TARGET = 18.2;
				MARKETING_VERSION = 1.0;
				PRODUCT_BUNDLE_IDENTIFIER = "com.niczwager.Fiji-Airways-FlashcardsTests";
				PRODUCT_NAME = "$(TARGET_NAME)";
				SWIFT_EMIT_LOC_STRINGS = NO;
				SWIFT_VERSION = 5.0;
				TARGETED_DEVICE_FAMILY = "1,2";
				TEST_HOST = "$(BUILT_PRODUCTS_DIR)/Fiji_Airways_Flashcards.app/$(BUNDLE_EXECUTABLE_FOLDER_PATH)/Fiji_Airways_Flashcards";
			};
			name = Release;
		};
		992BDB032D9E27C500AE02B7 /* Debug */ = {
			isa = XCBuildConfiguration;
			buildSettings = {
				CODE_SIGN_STYLE = Automatic;
				CURRENT_PROJECT_VERSION = 1;
				DEVELOPMENT_TEAM = 2NCN8V39N7;
				GENERATE_INFOPLIST_FILE = YES;
				MARKETING_VERSION = 1.0;
				PRODUCT_BUNDLE_IDENTIFIER = "com.niczwager.Fiji-Airways-FlashcardsUITests";
				PRODUCT_NAME = "$(TARGET_NAME)";
				SWIFT_EMIT_LOC_STRINGS = NO;
				SWIFT_VERSION = 5.0;
				TARGETED_DEVICE_FAMILY = "1,2";
				TEST_TARGET_NAME = Fiji_Airways_Flashcards;
			};
			name = Debug;
		};
		992BDB042D9E27C500AE02B7 /* Release */ = {
			isa = XCBuildConfiguration;
			buildSettings = {
				CODE_SIGN_STYLE = Automatic;
				CURRENT_PROJECT_VERSION = 1;
				DEVELOPMENT_TEAM = 2NCN8V39N7;
				GENERATE_INFOPLIST_FILE = YES;
				MARKETING_VERSION = 1.0;
				PRODUCT_BUNDLE_IDENTIFIER = "com.niczwager.Fiji-Airways-FlashcardsUITests";
				PRODUCT_NAME = "$(TARGET_NAME)";
				SWIFT_EMIT_LOC_STRINGS = NO;
				SWIFT_VERSION = 5.0;
				TARGETED_DEVICE_FAMILY = "1,2";
				TEST_TARGET_NAME = Fiji_Airways_Flashcards;
			};
			name = Release;
		};
/* End XCBuildConfiguration section */

/* Begin XCConfigurationList section */
		992BDAD32D9E27BF00AE02B7 /* Build configuration list for PBXProject "Fiji_Airways_Flashcards" */ = {
			isa = XCConfigurationList;
			buildConfigurations = (
				992BDAFA2D9E27C500AE02B7 /* Debug */,
				992BDAFB2D9E27C500AE02B7 /* Release */,
			);
			defaultConfigurationIsVisible = 0;
			defaultConfigurationName = Release;
		};
		992BDAFC2D9E27C500AE02B7 /* Build configuration list for PBXNativeTarget "Fiji_Airways_Flashcards" */ = {
			isa = XCConfigurationList;
			buildConfigurations = (
				992BDAFD2D9E27C500AE02B7 /* Debug */,
				992BDAFE2D9E27C500AE02B7 /* Release */,
			);
			defaultConfigurationIsVisible = 0;
			defaultConfigurationName = Release;
		};
		992BDAFF2D9E27C500AE02B7 /* Build configuration list for PBXNativeTarget "Fiji_Airways_FlashcardsTests" */ = {
			isa = XCConfigurationList;
			buildConfigurations = (
				992BDB002D9E27C500AE02B7 /* Debug */,
				992BDB012D9E27C500AE02B7 /* Release */,
			);
			defaultConfigurationIsVisible = 0;
			defaultConfigurationName = Release;
		};
		992BDB022D9E27C500AE02B7 /* Build configuration list for PBXNativeTarget "Fiji_Airways_FlashcardsUITests" */ = {
			isa = XCConfigurationList;
			buildConfigurations = (
				992BDB032D9E27C500AE02B7 /* Debug */,
				992BDB042D9E27C500AE02B7 /* Release */,
			);
			defaultConfigurationIsVisible = 0;
			defaultConfigurationName = Release;
		};
/* End XCConfigurationList section */
	};
	rootObject = 992BDAD02D9E27BF00AE02B7 /* Project object */;
}
